PODS:
  - AdvertiseAppLovin (0.1.0):
    - GamePluginBase
  - BlocksKit (2.2.5):
    - BlocksKit/All (= 2.2.5)
  - BlocksKit/All (2.2.5):
    - BlocksKit/Core
    - BlocksKit/DynamicDelegate
    - BlocksKit/MessageUI
    - BlocksKit/UIKit
  - BlocksKit/Core (2.2.5)
  - BlocksKit/DynamicDelegate (2.2.5)
  - BlocksKit/MessageUI (2.2.5):
    - BlocksKit/Core
    - BlocksKit/DynamicDelegate
  - BlocksKit/UIKit (2.2.5):
    - BlocksKit/Core
    - BlocksKit/DynamicDelegate
  - GamePluginBase (0.1.7):
    - BlocksKit (~> 2.2.5)
    - MBProgressHUD (~> 0.9.1)
    - Reachability (~> 3.2)
  - MBProgressHUD (0.9.2)
  - Reachability (3.2)

DEPENDENCIES:
  - AdvertiseAppLovin (from `../`)

EXTERNAL SOURCES:
  AdvertiseAppLovin:
    :path: "../"

SPEC CHECKSUMS:
  AdvertiseAppLovin: 978028e4591204f0cb93674f47e330bc08a53854
  BlocksKit: 7f422b971407001178d181a43b99014ea2591fe6
  GamePluginBase: f154df85a4134b2165697728bdab164aaf8681d0
  MBProgressHUD: 1569cf7ace17a8bac47aabfbb8580a49690386d1
  Reachability: 33e18b67625424e47b6cde6d202dce689ad7af96

PODFILE CHECKSUM: 2897179a13783d0e3b4ca8aa4d1bfdb8f525f9a4

COCOAPODS: 1.0.0
